<?xml version="1.0" encoding="utf-8"?>
<Project ToolsVersion="4.0" xmlns="http://schemas.microsoft.com/developer/msbuild/2003">
  <ItemGroup>
    <Filter Include="Source Files">
      <UniqueIdentifier>{4FC737F1-C7A5-4376-A066-2A32D752A2FF}</UniqueIdentifier>
      <Extensions>cpp;c;cc;cxx;c++;cppm;ixx;def;odl;idl;hpj;bat;asm;asmx</Extensions>
    </Filter>
    <Filter Include="Header Files">
      <UniqueIdentifier>{93995380-89BD-4b04-88EB-625FBE52EBFB}</UniqueIdentifier>
      <Extensions>h;hh;hpp;hxx;h++;hm;inl;inc;ipp;xsd</Extensions>
    </Filter>
    <Filter Include="Resource Files">
      <UniqueIdentifier>{67DA6AB6-F800-4c08-8B7A-83BB121AAD01}</UniqueIdentifier>
      <Extensions>rc;ico;cur;bmp;dlg;rc2;rct;bin;rgs;gif;jpg;jpeg;jpe;resx;tiff;tif;png;wav;mfcribbon-ms</Extensions>
    </Filter>
  </ItemGroup>
  <ItemGroup>
    <ClInclude Include="src\framework.h">
      <Filter>Header Files</Filter>
    </ClInclude>
    <ClInclude Include="src\Resource.h">
      <Filter>Header Files</Filter>
    </ClInclude>
    <ClInclude Include="src\targetver.h">
      <Filter>Header Files</Filter>
    </ClInclude>
    <ClInclude Include="src\TrainSimConsistBuilder.h">
      <Filter>Header Files</Filter>
    </ClInclude>
    <ClInclude Include="ui\AddressBar.h">
      <Filter>Header Files</Filter>
    </ClInclude>
    <ClInclude Include="ui\NavToolbar.h">
      <Filter>Header Files</Filter>
    </ClInclude>
    <ClInclude Include="ui\CommandBar.h">
      <Filter>Header Files</Filter>
    </ClInclude>
    <ClInclude Include="src\ConsistReader.h">
      <Filter>Header Files</Filter>
    </ClInclude>
    <ClInclude Include="ui\CustomListControl.h">
      <Filter>Header Files</Filter>
    </ClInclude>
    <ClInclude Include="src\AssetsParser.h">
      <Filter>Header Files</Filter>
    </ClInclude>
    <ClInclude Include="src\ControlParser.h">
      <Filter>Header Files</Filter>
    </ClInclude>
    <ClInclude Include="src\DieselParser.h">
      <Filter>Header Files</Filter>
    </ClInclude>
    <ClInclude Include="src\ElectricParser.h">
      <Filter>Header Files</Filter>
    </ClInclude>
    <ClInclude Include="src\SteamParser.h">
      <Filter>Header Files</Filter>
    </ClInclude>
    <ClInclude Include="src\PassengerParser.h">
      <Filter>Header Files</Filter>
    </ClInclude>
    <ClInclude Include="src\FreightParser.h">
      <Filter>Header Files</Filter>
    </ClInclude>
    <ClInclude Include="src\TenderParser.h">
      <Filter>Header Files</Filter>
    </ClInclude>
    <ClInclude Include="ui\UITheme.h">
      <Filter>Header Files</Filter>
    </ClInclude>
    <ClInclude Include="src\ActivityConsistReader.h">
      <Filter>Header Files</Filter>
    </ClInclude>
    <ClInclude Include="src\ActivityConsistWriter.h">
      <Filter>Header Files</Filter>
    </ClInclude>
    <ClInclude Include="src\BatchConsistGenerationWizard.h">
      <Filter>Header Files</Filter>
    </ClInclude>
    <ClInclude Include="ui\BatchConsistGenerationWizardDlg.h">
      <Filter>Header Files</Filter>
    </ClInclude>
    <ClInclude Include="ui\CustomScrollBar.h">
      <Filter>Header Files</Filter>
    </ClInclude>
    <ClInclude Include="ui\CustomTreeView.h">
      <Filter>Header Files</Filter>
    </ClInclude>
    <ClInclude Include="ui\FluentDragGhost.h">
      <Filter>Header Files</Filter>
    </ClInclude>
    <ClInclude Include="src\Updater.h">
      <Filter>Header Files</Filter>
    </ClInclude>
  </ItemGroup>
  <ItemGroup>
    <ClCompile Include="src\TrainSimConsistBuilder.cpp">
      <Filter>Source Files</Filter>
    </ClCompile>
    <ClCompile Include="ui\AddressBar.cpp">
      <Filter>Source Files</Filter>
    </ClCompile>
    <ClCompile Include="ui\NavToolbar.cpp">
      <Filter>Source Files</Filter>
    </ClCompile>
    <ClCompile Include="ui\CommandBar.cpp">
      <Filter>Source Files</Filter>
    </ClCompile>
    <ClCompile Include="src\ConsistReader.cpp">
      <Filter>Source Files</Filter>
    </ClCompile>
    <ClCompile Include="ui\CustomListControl.cpp">
      <Filter>Source Files</Filter>
    </ClCompile>
    <ClCompile Include="ui\FluentDragGhost.cpp">
      <Filter>Source Files</Filter>
    </ClCompile>
    <ClCompile Include="src\AssetsParser.cpp">
      <Filter>Source Files</Filter>
    </ClCompile>
    <ClCompile Include="src\ControlParser.cpp">
      <Filter>Source Files</Filter>
    </ClCompile>
    <ClCompile Include="src\DieselParser.cpp">
      <Filter>Source Files</Filter>
    </ClCompile>
    <ClCompile Include="src\ElectricParser.cpp">
      <Filter>Source Files</Filter>
    </ClCompile>
    <ClCompile Include="src\SteamParser.cpp">
      <Filter>Source Files</Filter>
    </ClCompile>
    <ClCompile Include="src\PassengerParser.cpp">
      <Filter>Source Files</Filter>
    </ClCompile>
    <ClCompile Include="src\FreightParser.cpp">
      <Filter>Source Files</Filter>
    </ClCompile>
    <ClCompile Include="src\TenderParser.cpp">
      <Filter>Source Files</Filter>
    </ClCompile>
    <ClCompile Include="src\ActivityConsistReader.cpp">
      <Filter>Source Files</Filter>
    </ClCompile>
    <ClCompile Include="src\ActivityConsistWriter.cpp">
      <Filter>Source Files</Filter>
    </ClCompile>
    <ClCompile Include="src\BatchConsistGenerationWizard.cpp">
      <Filter>Source Files</Filter>
    </ClCompile>
    <ClCompile Include="ui\BatchConsistGenerationWizardDlg.cpp">
      <Filter>Source Files</Filter>
    </ClCompile>
    <ClCompile Include="ui\CustomScrollBar.cpp">
      <Filter>Source Files</Filter>
    </ClCompile>
    <ClCompile Include="ui\CustomTreeView.cpp">
      <Filter>Source Files</Filter>
    </ClCompile>
    <ClCompile Include="src\Updater.cpp">
      <Filter>Source Files</Filter>
    </ClCompile>
  </ItemGroup>
  <ItemGroup>
    <ResourceCompile Include="TrainSimConsistBuilder.rc">
      <Filter>Resource Files</Filter>
    </ResourceCompile>
  </ItemGroup>
  <ItemGroup>
    <Image Include="Resources\small.ico">
      <Filter>Resource Files</Filter>
    </Image>
    <Image Include="Resources\TrainSimConsistBuilder.ico">
      <Filter>Resource Files</Filter>
    </Image>
  </ItemGroup>
</Project>