<?xml version="1.0" encoding="utf-8"?>
<Project ToolsVersion="4.0" xmlns="http://schemas.microsoft.com/developer/msbuild/2003">
  <ItemGroup>
    <Filter Include="Source Files">
      <UniqueIdentifier>{4FC737F1-C7A5-4376-A066-2A32D752A2FF}</UniqueIdentifier>
      <Extensions>cpp;c;cc;cxx;c++;cppm;ixx;def;odl;idl;hpj;bat;asm;asmx</Extensions>
    </Filter>
    <Filter Include="Header Files">
      <UniqueIdentifier>{93995380-89BD-4b04-88EB-625FBE52EBFB}</UniqueIdentifier>
      <Extensions>h;hh;hpp;hxx;h++;hm;inl;inc;ipp;xsd</Extensions>
    </Filter>
    <Filter Include="Resource Files">
      <UniqueIdentifier>{67DA6AB6-F800-4c08-8B7A-83BB121AAD01}</UniqueIdentifier>
      <Extensions>rc;ico;cur;bmp;dlg;rc2;rct;bin;rgs;gif;jpg;jpeg;jpe;resx;tiff;tif;png;wav;mfcribbon-ms</Extensions>
    </Filter>
  </ItemGroup>
  <ItemGroup>
    <ClInclude Include="SRC\framework.h">
      <Filter>Header Files</Filter>
    </ClInclude>
    <ClInclude Include="SRC\Resource.h">
      <Filter>Header Files</Filter>
    </ClInclude>
    <ClInclude Include="SRC\targetver.h">
      <Filter>Header Files</Filter>
    </ClInclude>
    <ClInclude Include="SRC\TrainSimConsistBuilder.h">
      <Filter>Header Files</Filter>
    </ClInclude>
    <ClInclude Include="UI\AddressBar.h">
      <Filter>Header Files</Filter>
    </ClInclude>
    <ClInclude Include="UI\NavToolbar.h">
      <Filter>Header Files</Filter>
    </ClInclude>
    <ClInclude Include="UI\CommandBar.h">
      <Filter>Header Files</Filter>
    </ClInclude>
    <ClInclude Include="SRC\ConsistReader.h">
      <Filter>Header Files</Filter>
    </ClInclude>
    <ClInclude Include="UI\CustomListControl.h">
      <Filter>Header Files</Filter>
    </ClInclude>
    <ClInclude Include="SRC\AssetsParser.h">
      <Filter>Header Files</Filter>
    </ClInclude>
    <ClInclude Include="SRC\ControlParser.h">
      <Filter>Header Files</Filter>
    </ClInclude>
    <ClInclude Include="SRC\DieselParser.h">
      <Filter>Header Files</Filter>
    </ClInclude>
    <ClInclude Include="SRC\ElectricParser.h">
      <Filter>Header Files</Filter>
    </ClInclude>
    <ClInclude Include="SRC\SteamParser.h">
      <Filter>Header Files</Filter>
    </ClInclude>
    <ClInclude Include="SRC\PassengerParser.h">
      <Filter>Header Files</Filter>
    </ClInclude>
    <ClInclude Include="SRC\FreightParser.h">
      <Filter>Header Files</Filter>
    </ClInclude>
    <ClInclude Include="SRC\TenderParser.h">
      <Filter>Header Files</Filter>
    </ClInclude>
    <ClInclude Include="UI\UITheme.h">
      <Filter>Header Files</Filter>
    </ClInclude>
    <ClInclude Include="SRC\ActivityConsistReader.h">
      <Filter>Header Files</Filter>
    </ClInclude>
    <ClInclude Include="SRC\ActivityConsistWriter.h">
      <Filter>Header Files</Filter>
    </ClInclude>
    <ClInclude Include="SRC\BatchConsistGenerationWizard.h">
      <Filter>Header Files</Filter>
    </ClInclude>
    <ClInclude Include="UI\BatchConsistGenerationWizardDlg.h">
      <Filter>Header Files</Filter>
    </ClInclude>
    <ClInclude Include="UI\CustomScrollBar.h">
      <Filter>Header Files</Filter>
    </ClInclude>
    <ClInclude Include="UI\CustomTreeView.h">
      <Filter>Header Files</Filter>
    </ClInclude>
    <ClInclude Include="UI\FluentDragGhost.h">
      <Filter>Header Files</Filter>
    </ClInclude>
    <ClInclude Include="SRC\Updater.h">
      <Filter>Header Files</Filter>
    </ClInclude>
  </ItemGroup>
  <ItemGroup>
    <ClCompile Include="SRC\TrainSimConsistBuilder.cpp">
      <Filter>Source Files</Filter>
    </ClCompile>
    <ClCompile Include="UI\AddressBar.cpp">
      <Filter>Source Files</Filter>
    </ClCompile>
    <ClCompile Include="UI\NavToolbar.cpp">
      <Filter>Source Files</Filter>
    </ClCompile>
    <ClCompile Include="UI\CommandBar.cpp">
      <Filter>Source Files</Filter>
    </ClCompile>
    <ClCompile Include="SRC\ConsistReader.cpp">
      <Filter>Source Files</Filter>
    </ClCompile>
    <ClCompile Include="UI\CustomListControl.cpp">
      <Filter>Source Files</Filter>
    </ClCompile>
    <ClCompile Include="UI\FluentDragGhost.cpp">
      <Filter>Source Files</Filter>
    </ClCompile>
    <ClCompile Include="SRC\AssetsParser.cpp">
      <Filter>Source Files</Filter>
    </ClCompile>
    <ClCompile Include="SRC\ControlParser.cpp">
      <Filter>Source Files</Filter>
    </ClCompile>
    <ClCompile Include="SRC\DieselParser.cpp">
      <Filter>Source Files</Filter>
    </ClCompile>
    <ClCompile Include="SRC\ElectricParser.cpp">
      <Filter>Source Files</Filter>
    </ClCompile>
    <ClCompile Include="SRC\SteamParser.cpp">
      <Filter>Source Files</Filter>
    </ClCompile>
    <ClCompile Include="SRC\PassengerParser.cpp">
      <Filter>Source Files</Filter>
    </ClCompile>
    <ClCompile Include="SRC\FreightParser.cpp">
      <Filter>Source Files</Filter>
    </ClCompile>
    <ClCompile Include="SRC\TenderParser.cpp">
      <Filter>Source Files</Filter>
    </ClCompile>
    <ClCompile Include="SRC\ActivityConsistReader.cpp">
      <Filter>Source Files</Filter>
    </ClCompile>
    <ClCompile Include="SRC\ActivityConsistWriter.cpp">
      <Filter>Source Files</Filter>
    </ClCompile>
    <ClCompile Include="SRC\BatchConsistGenerationWizard.cpp">
      <Filter>Source Files</Filter>
    </ClCompile>
    <ClCompile Include="UI\BatchConsistGenerationWizardDlg.cpp">
      <Filter>Source Files</Filter>
    </ClCompile>
    <ClCompile Include="UI\CustomScrollBar.cpp">
      <Filter>Source Files</Filter>
    </ClCompile>
    <ClCompile Include="UI\CustomTreeView.cpp">
      <Filter>Source Files</Filter>
    </ClCompile>
    <ClCompile Include="SRC\Updater.cpp">
      <Filter>Source Files</Filter>
    </ClCompile>
  </ItemGroup>
  <ItemGroup>
    <ResourceCompile Include="TrainSimConsistBuilder.rc">
      <Filter>Resource Files</Filter>
    </ResourceCompile>
  </ItemGroup>
  <ItemGroup>
    <Image Include="Resources\small.ico">
      <Filter>Resource Files</Filter>
    </Image>
    <Image Include="Resources\TrainSimConsistBuilder.ico">
      <Filter>Resource Files</Filter>
    </Image>
  </ItemGroup>
</Project>